// !$*UTF8*$!
{
	archiveVersion = 1;
	classes = {
	};
	objectVersion = 77;
	objects = {

/* Begin PBXBuildFile section */
		E483D4C22D95F1B3003C78B4 /* Prompt-ThinItalic.ttf in Resources */ = {isa = PBXBuildFile; fileRef = E483D4C02D95F1B3003C78B4 /* Prompt-ThinItalic.ttf */; };
		E483D4C32D95F1B3003C78B4 /* Prompt-MediumItalic.ttf in Resources */ = {isa = PBXBuildFile; fileRef = E483D4BB2D95F1B3003C78B4 /* Prompt-MediumItalic.ttf */; };
		E483D4C42D95F1B3003C78B4 /* OFL.txt in Resources */ = {isa = PBXBuildFile; fileRef = E483D4AE2D95F1B3003C78B4 /* OFL.txt */; };
		E483D4C52D95F1B3003C78B4 /* Prompt-Bold.ttf in Resources */ = {isa = PBXBuildFile; fileRef = E483D4B12D95F1B3003C78B4 /* Prompt-Bold.ttf */; };
		E483D4C62D95F1B3003C78B4 /* Prompt-SemiBold.ttf in Resources */ = {isa = PBXBuildFile; fileRef = E483D4BD2D95F1B3003C78B4 /* Prompt-SemiBold.ttf */; };
		E483D4C72D95F1B3003C78B4 /* Prompt-Thin.ttf in Resources */ = {isa = PBXBuildFile; fileRef = E483D4BF2D95F1B3003C78B4 /* Prompt-Thin.ttf */; };
		E483D4C82D95F1B3003C78B4 /* Prompt-ExtraLightItalic.ttf in Resources */ = {isa = PBXBuildFile; fileRef = E483D4B62D95F1B3003C78B4 /* Prompt-ExtraLightItalic.ttf */; };
		E483D4C92D95F1B3003C78B4 /* Prompt-Medium.ttf in Resources */ = {isa = PBXBuildFile; fileRef = E483D4BA2D95F1B3003C78B4 /* Prompt-Medium.ttf */; };
		E483D4CA2D95F1B3003C78B4 /* Prompt-ExtraLight.ttf in Resources */ = {isa = PBXBuildFile; fileRef = E483D4B52D95F1B3003C78B4 /* Prompt-ExtraLight.ttf */; };
		E483D4CB2D95F1B3003C78B4 /* Prompt-ExtraBoldItalic.ttf in Resources */ = {isa = PBXBuildFile; fileRef = E483D4B42D95F1B3003C78B4 /* Prompt-ExtraBoldItalic.ttf */; };
		E483D4CC2D95F1B3003C78B4 /* Prompt-BoldItalic.ttf in Resources */ = {isa = PBXBuildFile; fileRef = E483D4B22D95F1B3003C78B4 /* Prompt-BoldItalic.ttf */; };
		E483D4CD2D95F1B3003C78B4 /* Prompt-Black.ttf in Resources */ = {isa = PBXBuildFile; fileRef = E483D4AF2D95F1B3003C78B4 /* Prompt-Black.ttf */; };
		E483D4CE2D95F1B3003C78B4 /* Prompt-Italic.ttf in Resources */ = {isa = PBXBuildFile; fileRef = E483D4B72D95F1B3003C78B4 /* Prompt-Italic.ttf */; };
		E483D4CF2D95F1B3003C78B4 /* Prompt-ExtraBold.ttf in Resources */ = {isa = PBXBuildFile; fileRef = E483D4B32D95F1B3003C78B4 /* Prompt-ExtraBold.ttf */; };
		E483D4D02D95F1B3003C78B4 /* Prompt-SemiBoldItalic.ttf in Resources */ = {isa = PBXBuildFile; fileRef = E483D4BE2D95F1B3003C78B4 /* Prompt-SemiBoldItalic.ttf */; };
		E483D4D12D95F1B3003C78B4 /* Prompt-Regular.ttf in Resources */ = {isa = PBXBuildFile; fileRef = E483D4BC2D95F1B3003C78B4 /* Prompt-Regular.ttf */; };
		E483D4D22D95F1B3003C78B4 /* Prompt-Light.ttf in Resources */ = {isa = PBXBuildFile; fileRef = E483D4B82D95F1B3003C78B4 /* Prompt-Light.ttf */; };
		E483D4D32D95F1B3003C78B4 /* Prompt-BlackItalic.ttf in Resources */ = {isa = PBXBuildFile; fileRef = E483D4B02D95F1B3003C78B4 /* Prompt-BlackItalic.ttf */; };
		E483D4D42D95F1B3003C78B4 /* Prompt-LightItalic.ttf in Resources */ = {isa = PBXBuildFile; fileRef = E483D4B92D95F1B3003C78B4 /* Prompt-LightItalic.ttf */; };
/* End PBXBuildFile section */

/* Begin PBXContainerItemProxy section */
		E4BC27D02D80B644007C3116 /* PBXContainerItemProxy */ = {
			isa = PBXContainerItemProxy;
			containerPortal = E4BC27B72D80B642007C3116 /* Project object */;
			proxyType = 1;
			remoteGlobalIDString = E4BC27BE2D80B642007C3116;
			remoteInfo = DashParty;
		};
		E4BC27DA2D80B644007C3116 /* PBXContainerItemProxy */ = {
			isa = PBXContainerItemProxy;
			containerPortal = E4BC27B72D80B642007C3116 /* Project object */;
			proxyType = 1;
			remoteGlobalIDString = E4BC27BE2D80B642007C3116;
			remoteInfo = DashParty;
		};
/* End PBXContainerItemProxy section */

/* Begin PBXFileReference section */
		E483D4AE2D95F1B3003C78B4 /* OFL.txt */ = {isa = PBXFileReference; lastKnownFileType = text; path = OFL.txt; sourceTree = "<group>"; };
		E483D4AF2D95F1B3003C78B4 /* Prompt-Black.ttf */ = {isa = PBXFileReference; lastKnownFileType = file; path = "Prompt-Black.ttf"; sourceTree = "<group>"; };
		E483D4B02D95F1B3003C78B4 /* Prompt-BlackItalic.ttf */ = {isa = PBXFileReference; lastKnownFileType = file; path = "Prompt-BlackItalic.ttf"; sourceTree = "<group>"; };
		E483D4B12D95F1B3003C78B4 /* Prompt-Bold.ttf */ = {isa = PBXFileReference; lastKnownFileType = file; path = "Prompt-Bold.ttf"; sourceTree = "<group>"; };
		E483D4B22D95F1B3003C78B4 /* Prompt-BoldItalic.ttf */ = {isa = PBXFileReference; lastKnownFileType = file; path = "Prompt-BoldItalic.ttf"; sourceTree = "<group>"; };
		E483D4B32D95F1B3003C78B4 /* Prompt-ExtraBold.ttf */ = {isa = PBXFileReference; lastKnownFileType = file; path = "Prompt-ExtraBold.ttf"; sourceTree = "<group>"; };
		E483D4B42D95F1B3003C78B4 /* Prompt-ExtraBoldItalic.ttf */ = {isa = PBXFileReference; lastKnownFileType = file; path = "Prompt-ExtraBoldItalic.ttf"; sourceTree = "<group>"; };
		E483D4B52D95F1B3003C78B4 /* Prompt-ExtraLight.ttf */ = {isa = PBXFileReference; lastKnownFileType = file; path = "Prompt-ExtraLight.ttf"; sourceTree = "<group>"; };
		E483D4B62D95F1B3003C78B4 /* Prompt-ExtraLightItalic.ttf */ = {isa = PBXFileReference; lastKnownFileType = file; path = "Prompt-ExtraLightItalic.ttf"; sourceTree = "<group>"; };
		E483D4B72D95F1B3003C78B4 /* Prompt-Italic.ttf */ = {isa = PBXFileReference; lastKnownFileType = file; path = "Prompt-Italic.ttf"; sourceTree = "<group>"; };
		E483D4B82D95F1B3003C78B4 /* Prompt-Light.ttf */ = {isa = PBXFileReference; lastKnownFileType = file; path = "Prompt-Light.ttf"; sourceTree = "<group>"; };
		E483D4B92D95F1B3003C78B4 /* Prompt-LightItalic.ttf */ = {isa = PBXFileReference; lastKnownFileType = file; path = "Prompt-LightItalic.ttf"; sourceTree = "<group>"; };
		E483D4BA2D95F1B3003C78B4 /* Prompt-Medium.ttf */ = {isa = PBXFileReference; lastKnownFileType = file; path = "Prompt-Medium.ttf"; sourceTree = "<group>"; };
		E483D4BB2D95F1B3003C78B4 /* Prompt-MediumItalic.ttf */ = {isa = PBXFileReference; lastKnownFileType = file; path = "Prompt-MediumItalic.ttf"; sourceTree = "<group>"; };
		E483D4BC2D95F1B3003C78B4 /* Prompt-Regular.ttf */ = {isa = PBXFileReference; lastKnownFileType = file; path = "Prompt-Regular.ttf"; sourceTree = "<group>"; };
		E483D4BD2D95F1B3003C78B4 /* Prompt-SemiBold.ttf */ = {isa = PBXFileReference; lastKnownFileType = file; path = "Prompt-SemiBold.ttf"; sourceTree = "<group>"; };
		E483D4BE2D95F1B3003C78B4 /* Prompt-SemiBoldItalic.ttf */ = {isa = PBXFileReference; lastKnownFileType = file; path = "Prompt-SemiBoldItalic.ttf"; sourceTree = "<group>"; };
		E483D4BF2D95F1B3003C78B4 /* Prompt-Thin.ttf */ = {isa = PBXFileReference; lastKnownFileType = file; path = "Prompt-Thin.ttf"; sourceTree = "<group>"; };
		E483D4C02D95F1B3003C78B4 /* Prompt-ThinItalic.ttf */ = {isa = PBXFileReference; lastKnownFileType = file; path = "Prompt-ThinItalic.ttf"; sourceTree = "<group>"; };
		E4BC27BF2D80B642007C3116 /* DashParty.app */ = {isa = PBXFileReference; explicitFileType = wrapper.application; includeInIndex = 0; path = DashParty.app; sourceTree = BUILT_PRODUCTS_DIR; };
		E4BC27CF2D80B644007C3116 /* DashPartyTests.xctest */ = {isa = PBXFileReference; explicitFileType = wrapper.cfbundle; includeInIndex = 0; path = DashPartyTests.xctest; sourceTree = BUILT_PRODUCTS_DIR; };
		E4BC27D92D80B644007C3116 /* DashPartyUITests.xctest */ = {isa = PBXFileReference; explicitFileType = wrapper.cfbundle; includeInIndex = 0; path = DashPartyUITests.xctest; sourceTree = BUILT_PRODUCTS_DIR; };
/* End PBXFileReference section */

/* Begin PBXFileSystemSynchronizedBuildFileExceptionSet section */
		E4D7EFED2D91DDD900B5ADE2 /* Exceptions for "DashParty" folder in "DashParty" target */ = {
			isa = PBXFileSystemSynchronizedBuildFileExceptionSet;
			membershipExceptions = (
				Info.plist,
			);
			target = E4BC27BE2D80B642007C3116 /* DashParty */;
		};
/* End PBXFileSystemSynchronizedBuildFileExceptionSet section */

/* Begin PBXFileSystemSynchronizedRootGroup section */
		E4BC27C12D80B642007C3116 /* DashParty */ = {
			isa = PBXFileSystemSynchronizedRootGroup;
			exceptions = (
				E4D7EFED2D91DDD900B5ADE2 /* Exceptions for "DashParty" folder in "DashParty" target */,
			);
			path = DashParty;
			sourceTree = "<group>";
		};
		E4BC27D22D80B644007C3116 /* DashPartyTests */ = {
			isa = PBXFileSystemSynchronizedRootGroup;
			path = DashPartyTests;
			sourceTree = "<group>";
		};
		E4BC27DC2D80B644007C3116 /* DashPartyUITests */ = {
			isa = PBXFileSystemSynchronizedRootGroup;
			path = DashPartyUITests;
			sourceTree = "<group>";
		};
/* End PBXFileSystemSynchronizedRootGroup section */

/* Begin PBXFrameworksBuildPhase section */
		E4BC27BC2D80B642007C3116 /* Frameworks */ = {
			isa = PBXFrameworksBuildPhase;
			buildActionMask = 2147483647;
			files = (
			);
			runOnlyForDeploymentPostprocessing = 0;
		};
		E4BC27CC2D80B644007C3116 /* Frameworks */ = {
			isa = PBXFrameworksBuildPhase;
			buildActionMask = 2147483647;
			files = (
			);
			runOnlyForDeploymentPostprocessing = 0;
		};
		E4BC27D62D80B644007C3116 /* Frameworks */ = {
			isa = PBXFrameworksBuildPhase;
			buildActionMask = 2147483647;
			files = (
			);
			runOnlyForDeploymentPostprocessing = 0;
		};
/* End PBXFrameworksBuildPhase section */

/* Begin PBXGroup section */
		E483D4C12D95F1B3003C78B4 /* Prompt */ = {
			isa = PBXGroup;
			children = (
				E483D4AE2D95F1B3003C78B4 /* OFL.txt */,
				E483D4AF2D95F1B3003C78B4 /* Prompt-Black.ttf */,
				E483D4B02D95F1B3003C78B4 /* Prompt-BlackItalic.ttf */,
				E483D4B12D95F1B3003C78B4 /* Prompt-Bold.ttf */,
				E483D4B22D95F1B3003C78B4 /* Prompt-BoldItalic.ttf */,
				E483D4B32D95F1B3003C78B4 /* Prompt-ExtraBold.ttf */,
				E483D4B42D95F1B3003C78B4 /* Prompt-ExtraBoldItalic.ttf */,
				E483D4B52D95F1B3003C78B4 /* Prompt-ExtraLight.ttf */,
				E483D4B62D95F1B3003C78B4 /* Prompt-ExtraLightItalic.ttf */,
				E483D4B72D95F1B3003C78B4 /* Prompt-Italic.ttf */,
				E483D4B82D95F1B3003C78B4 /* Prompt-Light.ttf */,
				E483D4B92D95F1B3003C78B4 /* Prompt-LightItalic.ttf */,
				E483D4BA2D95F1B3003C78B4 /* Prompt-Medium.ttf */,
				E483D4BB2D95F1B3003C78B4 /* Prompt-MediumItalic.ttf */,
				E483D4BC2D95F1B3003C78B4 /* Prompt-Regular.ttf */,
				E483D4BD2D95F1B3003C78B4 /* Prompt-SemiBold.ttf */,
				E483D4BE2D95F1B3003C78B4 /* Prompt-SemiBoldItalic.ttf */,
				E483D4BF2D95F1B3003C78B4 /* Prompt-Thin.ttf */,
				E483D4C02D95F1B3003C78B4 /* Prompt-ThinItalic.ttf */,
			);
			path = Prompt;
			sourceTree = "<group>";
		};
		E4BC27B62D80B642007C3116 = {
			isa = PBXGroup;
			children = (
				E4BC27C12D80B642007C3116 /* DashParty */,
				E4BC27D22D80B644007C3116 /* DashPartyTests */,
				E4BC27DC2D80B644007C3116 /* DashPartyUITests */,
				E4BC27C02D80B642007C3116 /* Products */,
				E483D4C12D95F1B3003C78B4 /* Prompt */,
			);
			sourceTree = "<group>";
		};
		E4BC27C02D80B642007C3116 /* Products */ = {
			isa = PBXGroup;
			children = (
				E4BC27BF2D80B642007C3116 /* DashParty.app */,
				E4BC27CF2D80B644007C3116 /* DashPartyTests.xctest */,
				E4BC27D92D80B644007C3116 /* DashPartyUITests.xctest */,
			);
			name = Products;
			sourceTree = "<group>";
		};
/* End PBXGroup section */

/* Begin PBXNativeTarget section */
		E4BC27BE2D80B642007C3116 /* DashParty */ = {
			isa = PBXNativeTarget;
			buildConfigurationList = E4BC27E32D80B644007C3116 /* Build configuration list for PBXNativeTarget "DashParty" */;
			buildPhases = (
				E4BC27BB2D80B642007C3116 /* Sources */,
				E4BC27BC2D80B642007C3116 /* Frameworks */,
				E4BC27BD2D80B642007C3116 /* Resources */,
			);
			buildRules = (
			);
			dependencies = (
			);
			fileSystemSynchronizedGroups = (
				E4BC27C12D80B642007C3116 /* DashParty */,
			);
			name = DashParty;
			packageProductDependencies = (
			);
			productName = DashParty;
			productReference = E4BC27BF2D80B642007C3116 /* DashParty.app */;
			productType = "com.apple.product-type.application";
		};
		E4BC27CE2D80B644007C3116 /* DashPartyTests */ = {
			isa = PBXNativeTarget;
			buildConfigurationList = E4BC27E62D80B644007C3116 /* Build configuration list for PBXNativeTarget "DashPartyTests" */;
			buildPhases = (
				E4BC27CB2D80B644007C3116 /* Sources */,
				E4BC27CC2D80B644007C3116 /* Frameworks */,
				E4BC27CD2D80B644007C3116 /* Resources */,
			);
			buildRules = (
			);
			dependencies = (
				E4BC27D12D80B644007C3116 /* PBXTargetDependency */,
			);
			fileSystemSynchronizedGroups = (
				E4BC27D22D80B644007C3116 /* DashPartyTests */,
			);
			name = DashPartyTests;
			packageProductDependencies = (
			);
			productName = DashPartyTests;
			productReference = E4BC27CF2D80B644007C3116 /* DashPartyTests.xctest */;
			productType = "com.apple.product-type.bundle.unit-test";
		};
		E4BC27D82D80B644007C3116 /* DashPartyUITests */ = {
			isa = PBXNativeTarget;
			buildConfigurationList = E4BC27E92D80B644007C3116 /* Build configuration list for PBXNativeTarget "DashPartyUITests" */;
			buildPhases = (
				E4BC27D52D80B644007C3116 /* Sources */,
				E4BC27D62D80B644007C3116 /* Frameworks */,
				E4BC27D72D80B644007C3116 /* Resources */,
			);
			buildRules = (
			);
			dependencies = (
				E4BC27DB2D80B644007C3116 /* PBXTargetDependency */,
			);
			fileSystemSynchronizedGroups = (
				E4BC27DC2D80B644007C3116 /* DashPartyUITests */,
			);
			name = DashPartyUITests;
			packageProductDependencies = (
			);
			productName = DashPartyUITests;
			productReference = E4BC27D92D80B644007C3116 /* DashPartyUITests.xctest */;
			productType = "com.apple.product-type.bundle.ui-testing";
		};
/* End PBXNativeTarget section */

/* Begin PBXProject section */
		E4BC27B72D80B642007C3116 /* Project object */ = {
			isa = PBXProject;
			attributes = {
				BuildIndependentTargetsInParallel = 1;
				LastSwiftUpdateCheck = 1600;
				LastUpgradeCheck = 1600;
				TargetAttributes = {
					E4BC27BE2D80B642007C3116 = {
						CreatedOnToolsVersion = 16.0;
					};
					E4BC27CE2D80B644007C3116 = {
						CreatedOnToolsVersion = 16.0;
						TestTargetID = E4BC27BE2D80B642007C3116;
					};
					E4BC27D82D80B644007C3116 = {
						CreatedOnToolsVersion = 16.0;
						TestTargetID = E4BC27BE2D80B642007C3116;
					};
				};
			};
			buildConfigurationList = E4BC27BA2D80B642007C3116 /* Build configuration list for PBXProject "DashParty" */;
			developmentRegion = en;
			hasScannedForEncodings = 0;
			knownRegions = (
				en,
				Base,
			);
			mainGroup = E4BC27B62D80B642007C3116;
			minimizedProjectReferenceProxies = 1;
			preferredProjectObjectVersion = 77;
			productRefGroup = E4BC27C02D80B642007C3116 /* Products */;
			projectDirPath = "";
			projectRoot = "";
			targets = (
				E4BC27BE2D80B642007C3116 /* DashParty */,
				E4BC27CE2D80B644007C3116 /* DashPartyTests */,
				E4BC27D82D80B644007C3116 /* DashPartyUITests */,
			);
		};
/* End PBXProject section */

/* Begin PBXResourcesBuildPhase section */
		E4BC27BD2D80B642007C3116 /* Resources */ = {
			isa = PBXResourcesBuildPhase;
			buildActionMask = 2147483647;
			files = (
				E483D4C22D95F1B3003C78B4 /* Prompt-ThinItalic.ttf in Resources */,
				E483D4C32D95F1B3003C78B4 /* Prompt-MediumItalic.ttf in Resources */,
				E483D4C42D95F1B3003C78B4 /* OFL.txt in Resources */,
				E483D4C52D95F1B3003C78B4 /* Prompt-Bold.ttf in Resources */,
				E483D4C62D95F1B3003C78B4 /* Prompt-SemiBold.ttf in Resources */,
				E483D4C72D95F1B3003C78B4 /* Prompt-Thin.ttf in Resources */,
				E483D4C82D95F1B3003C78B4 /* Prompt-ExtraLightItalic.ttf in Resources */,
				E483D4C92D95F1B3003C78B4 /* Prompt-Medium.ttf in Resources */,
				E483D4CA2D95F1B3003C78B4 /* Prompt-ExtraLight.ttf in Resources */,
				E483D4CB2D95F1B3003C78B4 /* Prompt-ExtraBoldItalic.ttf in Resources */,
				E483D4CC2D95F1B3003C78B4 /* Prompt-BoldItalic.ttf in Resources */,
				E483D4CD2D95F1B3003C78B4 /* Prompt-Black.ttf in Resources */,
				E483D4CE2D95F1B3003C78B4 /* Prompt-Italic.ttf in Resources */,
				E483D4CF2D95F1B3003C78B4 /* Prompt-ExtraBold.ttf in Resources */,
				E483D4D02D95F1B3003C78B4 /* Prompt-SemiBoldItalic.ttf in Resources */,
				E483D4D12D95F1B3003C78B4 /* Prompt-Regular.ttf in Resources */,
				E483D4D22D95F1B3003C78B4 /* Prompt-Light.ttf in Resources */,
				E483D4D32D95F1B3003C78B4 /* Prompt-BlackItalic.ttf in Resources */,
				E483D4D42D95F1B3003C78B4 /* Prompt-LightItalic.ttf in Resources */,
			);
			runOnlyForDeploymentPostprocessing = 0;
		};
		E4BC27CD2D80B644007C3116 /* Resources */ = {
			isa = PBXResourcesBuildPhase;
			buildActionMask = 2147483647;
			files = (
			);
			runOnlyForDeploymentPostprocessing = 0;
		};
		E4BC27D72D80B644007C3116 /* Resources */ = {
			isa = PBXResourcesBuildPhase;
			buildActionMask = 2147483647;
			files = (
			);
			runOnlyForDeploymentPostprocessing = 0;
		};
/* End PBXResourcesBuildPhase section */

/* Begin PBXSourcesBuildPhase section */
		E4BC27BB2D80B642007C3116 /* Sources */ = {
			isa = PBXSourcesBuildPhase;
			buildActionMask = 2147483647;
			files = (
			);
			runOnlyForDeploymentPostprocessing = 0;
		};
		E4BC27CB2D80B644007C3116 /* Sources */ = {
			isa = PBXSourcesBuildPhase;
			buildActionMask = 2147483647;
			files = (
			);
			runOnlyForDeploymentPostprocessing = 0;
		};
		E4BC27D52D80B644007C3116 /* Sources */ = {
			isa = PBXSourcesBuildPhase;
			buildActionMask = 2147483647;
			files = (
			);
			runOnlyForDeploymentPostprocessing = 0;
		};
/* End PBXSourcesBuildPhase section */

/* Begin PBXTargetDependency section */
		E4BC27D12D80B644007C3116 /* PBXTargetDependency */ = {
			isa = PBXTargetDependency;
			target = E4BC27BE2D80B642007C3116 /* DashParty */;
			targetProxy = E4BC27D02D80B644007C3116 /* PBXContainerItemProxy */;
		};
		E4BC27DB2D80B644007C3116 /* PBXTargetDependency */ = {
			isa = PBXTargetDependency;
			target = E4BC27BE2D80B642007C3116 /* DashParty */;
			targetProxy = E4BC27DA2D80B644007C3116 /* PBXContainerItemProxy */;
		};
/* End PBXTargetDependency section */

/* Begin XCBuildConfiguration section */
		E4BC27E12D80B644007C3116 /* Debug */ = {
			isa = XCBuildConfiguration;
			buildSettings = {
				ALWAYS_SEARCH_USER_PATHS = NO;
				ASSETCATALOG_COMPILER_GENERATE_SWIFT_ASSET_SYMBOL_EXTENSIONS = YES;
				CLANG_ANALYZER_NONNULL = YES;
				CLANG_ANALYZER_NUMBER_OBJECT_CONVERSION = YES_AGGRESSIVE;
				CLANG_CXX_LANGUAGE_STANDARD = "gnu++20";
				CLANG_ENABLE_MODULES = YES;
				CLANG_ENABLE_OBJC_ARC = YES;
				CLANG_ENABLE_OBJC_WEAK = YES;
				CLANG_WARN_BLOCK_CAPTURE_AUTORELEASING = YES;
				CLANG_WARN_BOOL_CONVERSION = YES;
				CLANG_WARN_COMMA = YES;
				CLANG_WARN_CONSTANT_CONVERSION = YES;
				CLANG_WARN_DEPRECATED_OBJC_IMPLEMENTATIONS = YES;
				CLANG_WARN_DIRECT_OBJC_ISA_USAGE = YES_ERROR;
				CLANG_WARN_DOCUMENTATION_COMMENTS = YES;
				CLANG_WARN_EMPTY_BODY = YES;
				CLANG_WARN_ENUM_CONVERSION = YES;
				CLANG_WARN_INFINITE_RECURSION = YES;
				CLANG_WARN_INT_CONVERSION = YES;
				CLANG_WARN_NON_LITERAL_NULL_CONVERSION = YES;
				CLANG_WARN_OBJC_IMPLICIT_RETAIN_SELF = YES;
				CLANG_WARN_OBJC_LITERAL_CONVERSION = YES;
				CLANG_WARN_OBJC_ROOT_CLASS = YES_ERROR;
				CLANG_WARN_QUOTED_INCLUDE_IN_FRAMEWORK_HEADER = YES;
				CLANG_WARN_RANGE_LOOP_ANALYSIS = YES;
				CLANG_WARN_STRICT_PROTOTYPES = YES;
				CLANG_WARN_SUSPICIOUS_MOVE = YES;
				CLANG_WARN_UNGUARDED_AVAILABILITY = YES_AGGRESSIVE;
				CLANG_WARN_UNREACHABLE_CODE = YES;
				CLANG_WARN__DUPLICATE_METHOD_MATCH = YES;
				COPY_PHASE_STRIP = NO;
				DEBUG_INFORMATION_FORMAT = dwarf;
				ENABLE_STRICT_OBJC_MSGSEND = YES;
				ENABLE_TESTABILITY = YES;
				ENABLE_USER_SCRIPT_SANDBOXING = YES;
				GCC_C_LANGUAGE_STANDARD = gnu17;
				GCC_DYNAMIC_NO_PIC = NO;
				GCC_NO_COMMON_BLOCKS = YES;
				GCC_OPTIMIZATION_LEVEL = 0;
				GCC_PREPROCESSOR_DEFINITIONS = (
					"DEBUG=1",
					"$(inherited)",
				);
				GCC_WARN_64_TO_32_BIT_CONVERSION = YES;
				GCC_WARN_ABOUT_RETURN_TYPE = YES_ERROR;
				GCC_WARN_UNDECLARED_SELECTOR = YES;
				GCC_WARN_UNINITIALIZED_AUTOS = YES_AGGRESSIVE;
				GCC_WARN_UNUSED_FUNCTION = YES;
				GCC_WARN_UNUSED_VARIABLE = YES;
				IPHONEOS_DEPLOYMENT_TARGET = 18.0;
				LOCALIZATION_PREFERS_STRING_CATALOGS = YES;
				MTL_ENABLE_DEBUG_INFO = INCLUDE_SOURCE;
				MTL_FAST_MATH = YES;
				ONLY_ACTIVE_ARCH = YES;
				SDKROOT = iphoneos;
				SWIFT_ACTIVE_COMPILATION_CONDITIONS = "DEBUG $(inherited)";
				SWIFT_OPTIMIZATION_LEVEL = "-Onone";
			};
			name = Debug;
		};
		E4BC27E22D80B644007C3116 /* Release */ = {
			isa = XCBuildConfiguration;
			buildSettings = {
				ALWAYS_SEARCH_USER_PATHS = NO;
				ASSETCATALOG_COMPILER_GENERATE_SWIFT_ASSET_SYMBOL_EXTENSIONS = YES;
				CLANG_ANALYZER_NONNULL = YES;
				CLANG_ANALYZER_NUMBER_OBJECT_CONVERSION = YES_AGGRESSIVE;
				CLANG_CXX_LANGUAGE_STANDARD = "gnu++20";
				CLANG_ENABLE_MODULES = YES;
				CLANG_ENABLE_OBJC_ARC = YES;
				CLANG_ENABLE_OBJC_WEAK = YES;
				CLANG_WARN_BLOCK_CAPTURE_AUTORELEASING = YES;
				CLANG_WARN_BOOL_CONVERSION = YES;
				CLANG_WARN_COMMA = YES;
				CLANG_WARN_CONSTANT_CONVERSION = YES;
				CLANG_WARN_DEPRECATED_OBJC_IMPLEMENTATIONS = YES;
				CLANG_WARN_DIRECT_OBJC_ISA_USAGE = YES_ERROR;
				CLANG_WARN_DOCUMENTATION_COMMENTS = YES;
				CLANG_WARN_EMPTY_BODY = YES;
				CLANG_WARN_ENUM_CONVERSION = YES;
				CLANG_WARN_INFINITE_RECURSION = YES;
				CLANG_WARN_INT_CONVERSION = YES;
				CLANG_WARN_NON_LITERAL_NULL_CONVERSION = YES;
				CLANG_WARN_OBJC_IMPLICIT_RETAIN_SELF = YES;
				CLANG_WARN_OBJC_LITERAL_CONVERSION = YES;
				CLANG_WARN_OBJC_ROOT_CLASS = YES_ERROR;
				CLANG_WARN_QUOTED_INCLUDE_IN_FRAMEWORK_HEADER = YES;
				CLANG_WARN_RANGE_LOOP_ANALYSIS = YES;
				CLANG_WARN_STRICT_PROTOTYPES = YES;
				CLANG_WARN_SUSPICIOUS_MOVE = YES;
				CLANG_WARN_UNGUARDED_AVAILABILITY = YES_AGGRESSIVE;
				CLANG_WARN_UNREACHABLE_CODE = YES;
				CLANG_WARN__DUPLICATE_METHOD_MATCH = YES;
				COPY_PHASE_STRIP = NO;
				DEBUG_INFORMATION_FORMAT = "dwarf-with-dsym";
				ENABLE_NS_ASSERTIONS = NO;
				ENABLE_STRICT_OBJC_MSGSEND = YES;
				ENABLE_USER_SCRIPT_SANDBOXING = YES;
				GCC_C_LANGUAGE_STANDARD = gnu17;
				GCC_NO_COMMON_BLOCKS = YES;
				GCC_WARN_64_TO_32_BIT_CONVERSION = YES;
				GCC_WARN_ABOUT_RETURN_TYPE = YES_ERROR;
				GCC_WARN_UNDECLARED_SELECTOR = YES;
				GCC_WARN_UNINITIALIZED_AUTOS = YES_AGGRESSIVE;
				GCC_WARN_UNUSED_FUNCTION = YES;
				GCC_WARN_UNUSED_VARIABLE = YES;
				IPHONEOS_DEPLOYMENT_TARGET = 18.0;
				LOCALIZATION_PREFERS_STRING_CATALOGS = YES;
				MTL_ENABLE_DEBUG_INFO = NO;
				MTL_FAST_MATH = YES;
				SDKROOT = iphoneos;
				SWIFT_COMPILATION_MODE = wholemodule;
				VALIDATE_PRODUCT = YES;
			};
			name = Release;
		};
		E4BC27E42D80B644007C3116 /* Debug */ = {
			isa = XCBuildConfiguration;
			buildSettings = {
				ASSETCATALOG_COMPILER_APPICON_NAME = AppIcon;
				ASSETCATALOG_COMPILER_GLOBAL_ACCENT_COLOR_NAME = AccentColor;
				CODE_SIGN_STYLE = Automatic;
				CURRENT_PROJECT_VERSION = 1;
				DEVELOPMENT_ASSET_PATHS = "\"DashParty/Preview Content\"";
				DEVELOPMENT_TEAM = 67AYPRFZH8;
				ENABLE_PREVIEWS = YES;
				GENERATE_INFOPLIST_FILE = YES;
				INFOPLIST_FILE = DashParty/Info.plist;
				INFOPLIST_KEY_UIApplicationSupportsIndirectInputEvents = YES;
				INFOPLIST_KEY_UILaunchScreen_Generation = YES;
				INFOPLIST_KEY_UISupportedInterfaceOrientations_iPhone = "UIInterfaceOrientationLandscapeLeft UIInterfaceOrientationLandscapeRight";
				LD_RUNPATH_SEARCH_PATHS = (
					"$(inherited)",
					"@executable_path/Frameworks",
				);
				MARKETING_VERSION = 1.0;
				PRODUCT_BUNDLE_IDENTIFIER = "Luana-Bueno.DashParty";
				PRODUCT_NAME = "$(TARGET_NAME)";
				SWIFT_EMIT_LOC_STRINGS = YES;
				SWIFT_VERSION = 5.0;
				TARGETED_DEVICE_FAMILY = "1,2";
			};
			name = Debug;
		};
		E4BC27E52D80B644007C3116 /* Release */ = {
			isa = XCBuildConfiguration;
			buildSettings = {
				ASSETCATALOG_COMPILER_APPICON_NAME = AppIcon;
				ASSETCATALOG_COMPILER_GLOBAL_ACCENT_COLOR_NAME = AccentColor;
				CODE_SIGN_STYLE = Automatic;
				CURRENT_PROJECT_VERSION = 1;
				DEVELOPMENT_ASSET_PATHS = "\"DashParty/Preview Content\"";
				DEVELOPMENT_TEAM = 67AYPRFZH8;
				ENABLE_PREVIEWS = YES;
				GENERATE_INFOPLIST_FILE = YES;
				INFOPLIST_FILE = DashParty/Info.plist;
				INFOPLIST_KEY_UIApplicationSupportsIndirectInputEvents = YES;
				INFOPLIST_KEY_UILaunchScreen_Generation = YES;
				INFOPLIST_KEY_UISupportedInterfaceOrientations_iPhone = "UIInterfaceOrientationLandscapeLeft UIInterfaceOrientationLandscapeRight";
				LD_RUNPATH_SEARCH_PATHS = (
					"$(inherited)",
					"@executable_path/Frameworks",
				);
				MARKETING_VERSION = 1.0;
				PRODUCT_BUNDLE_IDENTIFIER = "Luana-Bueno.DashParty";
				PRODUCT_NAME = "$(TARGET_NAME)";
				SWIFT_EMIT_LOC_STRINGS = YES;
				SWIFT_VERSION = 5.0;
				TARGETED_DEVICE_FAMILY = "1,2";
			};
			name = Release;
		};
		E4BC27E72D80B644007C3116 /* Debug */ = {
			isa = XCBuildConfiguration;
			buildSettings = {
				BUNDLE_LOADER = "$(TEST_HOST)";
				CODE_SIGN_STYLE = Automatic;
				CURRENT_PROJECT_VERSION = 1;
				DEVELOPMENT_TEAM = Z2JHCM9CQG;
				GENERATE_INFOPLIST_FILE = YES;
				IPHONEOS_DEPLOYMENT_TARGET = 18.0;
				MARKETING_VERSION = 1.0;
				PRODUCT_BUNDLE_IDENTIFIER = "Luana-Bueno.DashPartyTests";
				PRODUCT_NAME = "$(TARGET_NAME)";
				SWIFT_EMIT_LOC_STRINGS = NO;
				SWIFT_VERSION = 5.0;
				TARGETED_DEVICE_FAMILY = "1,2";
				TEST_HOST = "$(BUILT_PRODUCTS_DIR)/DashParty.app/$(BUNDLE_EXECUTABLE_FOLDER_PATH)/DashParty";
			};
			name = Debug;
		};
		E4BC27E82D80B644007C3116 /* Release */ = {
			isa = XCBuildConfiguration;
			buildSettings = {
				BUNDLE_LOADER = "$(TEST_HOST)";
				CODE_SIGN_STYLE = Automatic;
				CURRENT_PROJECT_VERSION = 1;
				DEVELOPMENT_TEAM = Z2JHCM9CQG;
				GENERATE_INFOPLIST_FILE = YES;
				IPHONEOS_DEPLOYMENT_TARGET = 18.0;
				MARKETING_VERSION = 1.0;
				PRODUCT_BUNDLE_IDENTIFIER = "Luana-Bueno.DashPartyTests";
				PRODUCT_NAME = "$(TARGET_NAME)";
				SWIFT_EMIT_LOC_STRINGS = NO;
				SWIFT_VERSION = 5.0;
				TARGETED_DEVICE_FAMILY = "1,2";
				TEST_HOST = "$(BUILT_PRODUCTS_DIR)/DashParty.app/$(BUNDLE_EXECUTABLE_FOLDER_PATH)/DashParty";
			};
			name = Release;
		};
		E4BC27EA2D80B644007C3116 /* Debug */ = {
			isa = XCBuildConfiguration;
			buildSettings = {
				CODE_SIGN_STYLE = Automatic;
				CURRENT_PROJECT_VERSION = 1;
				DEVELOPMENT_TEAM = Z2JHCM9CQG;
				GENERATE_INFOPLIST_FILE = YES;
				MARKETING_VERSION = 1.0;
				PRODUCT_BUNDLE_IDENTIFIER = "Luana-Bueno.DashPartyUITests";
				PRODUCT_NAME = "$(TARGET_NAME)";
				SWIFT_EMIT_LOC_STRINGS = NO;
				SWIFT_VERSION = 5.0;
				TARGETED_DEVICE_FAMILY = "1,2";
				TEST_TARGET_NAME = DashParty;
			};
			name = Debug;
		};
		E4BC27EB2D80B644007C3116 /* Release */ = {
			isa = XCBuildConfiguration;
			buildSettings = {
				CODE_SIGN_STYLE = Automatic;
				CURRENT_PROJECT_VERSION = 1;
				DEVELOPMENT_TEAM = Z2JHCM9CQG;
				GENERATE_INFOPLIST_FILE = YES;
				MARKETING_VERSION = 1.0;
				PRODUCT_BUNDLE_IDENTIFIER = "Luana-Bueno.DashPartyUITests";
				PRODUCT_NAME = "$(TARGET_NAME)";
				SWIFT_EMIT_LOC_STRINGS = NO;
				SWIFT_VERSION = 5.0;
				TARGETED_DEVICE_FAMILY = "1,2";
				TEST_TARGET_NAME = DashParty;
			};
			name = Release;
		};
/* End XCBuildConfiguration section */

/* Begin XCConfigurationList section */
		E4BC27BA2D80B642007C3116 /* Build configuration list for PBXProject "DashParty" */ = {
			isa = XCConfigurationList;
			buildConfigurations = (
				E4BC27E12D80B644007C3116 /* Debug */,
				E4BC27E22D80B644007C3116 /* Release */,
			);
			defaultConfigurationIsVisible = 0;
			defaultConfigurationName = Release;
		};
		E4BC27E32D80B644007C3116 /* Build configuration list for PBXNativeTarget "DashParty" */ = {
			isa = XCConfigurationList;
			buildConfigurations = (
				E4BC27E42D80B644007C3116 /* Debug */,
				E4BC27E52D80B644007C3116 /* Release */,
			);
			defaultConfigurationIsVisible = 0;
			defaultConfigurationName = Release;
		};
		E4BC27E62D80B644007C3116 /* Build configuration list for PBXNativeTarget "DashPartyTests" */ = {
			isa = XCConfigurationList;
			buildConfigurations = (
				E4BC27E72D80B644007C3116 /* Debug */,
				E4BC27E82D80B644007C3116 /* Release */,
			);
			defaultConfigurationIsVisible = 0;
			defaultConfigurationName = Release;
		};
		E4BC27E92D80B644007C3116 /* Build configuration list for PBXNativeTarget "DashPartyUITests" */ = {
			isa = XCConfigurationList;
			buildConfigurations = (
				E4BC27EA2D80B644007C3116 /* Debug */,
				E4BC27EB2D80B644007C3116 /* Release */,
			);
			defaultConfigurationIsVisible = 0;
			defaultConfigurationName = Release;
		};
/* End XCConfigurationList section */
	};
	rootObject = E4BC27B72D80B642007C3116 /* Project object */;
}
